// !$*UTF8*$!
{
	archiveVersion = 1;
	classes = {
	};
	objectVersion = 77;
	objects = {

/* Begin PBXBuildFile section */
		0697E40F0A296243EEBB9F02 /* WidgetGenerator.swift in Sources */ = {isa = PBXBuildFile; fileRef = 164FAD73EF783F83B11F1A45 /* WidgetGenerator.swift */; };
		127E88D8673156154970DF6F /* NativeBridge.swift in Sources */ = {isa = PBXBuildFile; fileRef = 9EA0183178A4ED6DD69B3476 /* NativeBridge.swift */; };
		2625EDEACF32B48B2A103135 /* SmokeTest.swift in Sources */ = {isa = PBXBuildFile; fileRef = 5CB10E9FEDC02F30D469182D /* SmokeTest.swift */; };
		3AEE21465049322C065B0DAB /* Web in Resources */ = {isa = PBXBuildFile; fileRef = 1B5B2DD3308E78AA9C2930EF /* Web */; };
		3D5C4EEAE423AFE7EC0C30CC /* DashboardSymbols.swift in Sources */ = {isa = PBXBuildFile; fileRef = 33B9BC7BB81CA052FACFCBCA /* DashboardSymbols.swift */; };
		3D7D19CE2694146BD184F21C /* SpacePinning.swift in Sources */ = {isa = PBXBuildFile; fileRef = 2056076CEE0E5AC16ABB3894 /* SpacePinning.swift */; };
		51BE5E35A70E71BF124CE2C6 /* LocalStore.swift in Sources */ = {isa = PBXBuildFile; fileRef = BF6E074D3E0E4BBF77C27BF8 /* LocalStore.swift */; };
		631EB277F208C4981293C628 /* DashboardWallpaper.swift in Sources */ = {isa = PBXBuildFile; fileRef = 9339C7C31D0B10E00BE55889 /* DashboardWallpaper.swift */; };
		8526900FF27FADDFDD1C7ECC /* AppDelegate.swift in Sources */ = {isa = PBXBuildFile; fileRef = 26B7886A8D876455E3D3B1BB /* AppDelegate.swift */; };
		9CF8D325996D46C65C9296E1 /* AppIcon.icns in Resources */ = {isa = PBXBuildFile; fileRef = C0855ABB4369816D5B864047 /* AppIcon.icns */; };
		A9E7BACE10056BE7EE68AF66 /* PrivateSpaces.m in Sources */ = {isa = PBXBuildFile; fileRef = 5C98B18DAD0DA64D8DB11F26 /* PrivateSpaces.m */; };
		E812BC23FF1A4D5ABE55B794 /* main.swift in Sources */ = {isa = PBXBuildFile; fileRef = 8D870B407FD46A5AE85F0CF9 /* main.swift */; };
		EE5BEFC539C1ADC05B1BE58D /* DashboardMaterials.swift in Sources */ = {isa = PBXBuildFile; fileRef = AE08A7F3B1DBDF585F590122 /* DashboardMaterials.swift */; };
/* End PBXBuildFile section */

/* Begin PBXFileReference section */
		164FAD73EF783F83B11F1A45 /* WidgetGenerator.swift */ = {isa = PBXFileReference; lastKnownFileType = sourcecode.swift; path = WidgetGenerator.swift; sourceTree = "<group>"; };
		1B5B2DD3308E78AA9C2930EF /* Web */ = {isa = PBXFileReference; lastKnownFileType = folder; name = Web; path = Resources/Web; sourceTree = SOURCE_ROOT; };
		2056076CEE0E5AC16ABB3894 /* SpacePinning.swift */ = {isa = PBXFileReference; lastKnownFileType = sourcecode.swift; path = SpacePinning.swift; sourceTree = "<group>"; };
		26B7886A8D876455E3D3B1BB /* AppDelegate.swift */ = {isa = PBXFileReference; lastKnownFileType = sourcecode.swift; path = AppDelegate.swift; sourceTree = "<group>"; };
		3011BFFAB5900C055FB1CFB3 /* PrivateSpaces.h */ = {isa = PBXFileReference; lastKnownFileType = sourcecode.c.h; path = PrivateSpaces.h; sourceTree = "<group>"; };
		33B9BC7BB81CA052FACFCBCA /* DashboardSymbols.swift */ = {isa = PBXFileReference; lastKnownFileType = sourcecode.swift; path = DashboardSymbols.swift; sourceTree = "<group>"; };
		5C98B18DAD0DA64D8DB11F26 /* PrivateSpaces.m */ = {isa = PBXFileReference; lastKnownFileType = sourcecode.c.objc; path = PrivateSpaces.m; sourceTree = "<group>"; };
		5CB10E9FEDC02F30D469182D /* SmokeTest.swift */ = {isa = PBXFileReference; lastKnownFileType = sourcecode.swift; path = SmokeTest.swift; sourceTree = "<group>"; };
		638A3F70658A48EBD2DCA0A9 /* Dashboard-Bridging-Header.h */ = {isa = PBXFileReference; lastKnownFileType = sourcecode.c.h; path = "Dashboard-Bridging-Header.h"; sourceTree = "<group>"; };
		8CB3904DCA5C08A09010AE2D /* Dashboard 2026.app */ = {isa = PBXFileReference; explicitFileType = wrapper.application; includeInIndex = 0; path = "Dashboard 2026.app"; sourceTree = BUILT_PRODUCTS_DIR; };
		8D870B407FD46A5AE85F0CF9 /* main.swift */ = {isa = PBXFileReference; lastKnownFileType = sourcecode.swift; path = main.swift; sourceTree = "<group>"; };
		9339C7C31D0B10E00BE55889 /* DashboardWallpaper.swift */ = {isa = PBXFileReference; lastKnownFileType = sourcecode.swift; path = DashboardWallpaper.swift; sourceTree = "<group>"; };
		9EA0183178A4ED6DD69B3476 /* NativeBridge.swift */ = {isa = PBXFileReference; lastKnownFileType = sourcecode.swift; path = NativeBridge.swift; sourceTree = "<group>"; };
		AE08A7F3B1DBDF585F590122 /* DashboardMaterials.swift */ = {isa = PBXFileReference; lastKnownFileType = sourcecode.swift; path = DashboardMaterials.swift; sourceTree = "<group>"; };
		BF6E074D3E0E4BBF77C27BF8 /* LocalStore.swift */ = {isa = PBXFileReference; lastKnownFileType = sourcecode.swift; path = LocalStore.swift; sourceTree = "<group>"; };
		C0855ABB4369816D5B864047 /* AppIcon.icns */ = {isa = PBXFileReference; lastKnownFileType = image.icns; path = AppIcon.icns; sourceTree = "<group>"; };
/* End PBXFileReference section */

/* Begin PBXGroup section */
		1B1A53AECD38517A05B8042E /* Sources */ = {
			isa = PBXGroup;
			children = (
				26B7886A8D876455E3D3B1BB /* AppDelegate.swift */,
				638A3F70658A48EBD2DCA0A9 /* Dashboard-Bridging-Header.h */,
				AE08A7F3B1DBDF585F590122 /* DashboardMaterials.swift */,
				33B9BC7BB81CA052FACFCBCA /* DashboardSymbols.swift */,
				9339C7C31D0B10E00BE55889 /* DashboardWallpaper.swift */,
				BF6E074D3E0E4BBF77C27BF8 /* LocalStore.swift */,
				8D870B407FD46A5AE85F0CF9 /* main.swift */,
				9EA0183178A4ED6DD69B3476 /* NativeBridge.swift */,
				3011BFFAB5900C055FB1CFB3 /* PrivateSpaces.h */,
				5C98B18DAD0DA64D8DB11F26 /* PrivateSpaces.m */,
				5CB10E9FEDC02F30D469182D /* SmokeTest.swift */,
				2056076CEE0E5AC16ABB3894 /* SpacePinning.swift */,
				164FAD73EF783F83B11F1A45 /* WidgetGenerator.swift */,
			);
			path = Sources;
			sourceTree = "<group>";
		};
		21D3F962A44C43082F53A986 /* Products */ = {
			isa = PBXGroup;
			children = (
				8CB3904DCA5C08A09010AE2D /* Dashboard 2026.app */,
			);
			name = Products;
			sourceTree = "<group>";
		};
		9074E442F432B8A974DDB743 = {
			isa = PBXGroup;
			children = (
				1B5B2DD3308E78AA9C2930EF /* Web */,
				9768D1B27CC3276CD073A13C /* Resources */,
				1B1A53AECD38517A05B8042E /* Sources */,
				21D3F962A44C43082F53A986 /* Products */,
			);
			sourceTree = "<group>";
		};
		9768D1B27CC3276CD073A13C /* Resources */ = {
			isa = PBXGroup;
			children = (
				C0855ABB4369816D5B864047 /* AppIcon.icns */,
			);
			path = Resources;
			sourceTree = "<group>";
		};
/* End PBXGroup section */

/* Begin PBXNativeTarget section */
		1EBC90B597E3E06A7FB6700D /* Dashboard 2026 */ = {
			isa = PBXNativeTarget;
			buildConfigurationList = 927416597CAF97F5797EC9D9 /* Build configuration list for PBXNativeTarget "Dashboard 2026" */;
			buildPhases = (
				EA87FD277979D1FC2A2AFAB9 /* Sources */,
				95B1C9C71CBACD10893D9687 /* Resources */,
			);
			buildRules = (
			);
			dependencies = (
			);
			name = "Dashboard 2026";
			packageProductDependencies = (
			);
			productName = "Dashboard 2026";
			productReference = 8CB3904DCA5C08A09010AE2D /* Dashboard 2026.app */;
			productType = "com.apple.product-type.application";
		};
/* End PBXNativeTarget section */

/* Begin PBXProject section */
		AA36BEB8E7481E771D0DBBA3 /* Project object */ = {
			isa = PBXProject;
			attributes = {
				BuildIndependentTargetsInParallel = YES;
				LastUpgradeCheck = 1430;
				TargetAttributes = {
					1EBC90B597E3E06A7FB6700D = {
						ProvisioningStyle = Manual;
					};
				};
			};
			buildConfigurationList = 24345551400EB89BEC8A401F /* Build configuration list for PBXProject "Dashboard 2026" */;
			developmentRegion = en;
			hasScannedForEncodings = 0;
			knownRegions = (
				Base,
				en,
			);
			mainGroup = 9074E442F432B8A974DDB743;
			minimizedProjectReferenceProxies = 1;
			preferredProjectObjectVersion = 77;
			productRefGroup = 21D3F962A44C43082F53A986 /* Products */;
			projectDirPath = "";
			projectRoot = "";
			targets = (
				1EBC90B597E3E06A7FB6700D /* Dashboard 2026 */,
			);
		};
/* End PBXProject section */

/* Begin PBXResourcesBuildPhase section */
		95B1C9C71CBACD10893D9687 /* Resources */ = {
			isa = PBXResourcesBuildPhase;
			buildActionMask = 2147483647;
			files = (
				9CF8D325996D46C65C9296E1 /* AppIcon.icns in Resources */,
				3AEE21465049322C065B0DAB /* Web in Resources */,
			);
			runOnlyForDeploymentPostprocessing = 0;
		};
/* End PBXResourcesBuildPhase section */

/* Begin PBXSourcesBuildPhase section */
		EA87FD277979D1FC2A2AFAB9 /* Sources */ = {
			isa = PBXSourcesBuildPhase;
			buildActionMask = 2147483647;
			files = (
				8526900FF27FADDFDD1C7ECC /* AppDelegate.swift in Sources */,
				EE5BEFC539C1ADC05B1BE58D /* DashboardMaterials.swift in Sources */,
				3D5C4EEAE423AFE7EC0C30CC /* DashboardSymbols.swift in Sources */,
				631EB277F208C4981293C628 /* DashboardWallpaper.swift in Sources */,
				51BE5E35A70E71BF124CE2C6 /* LocalStore.swift in Sources */,
				127E88D8673156154970DF6F /* NativeBridge.swift in Sources */,
				A9E7BACE10056BE7EE68AF66 /* PrivateSpaces.m in Sources */,
				2625EDEACF32B48B2A103135 /* SmokeTest.swift in Sources */,
				3D7D19CE2694146BD184F21C /* SpacePinning.swift in Sources */,
				0697E40F0A296243EEBB9F02 /* WidgetGenerator.swift in Sources */,
				E812BC23FF1A4D5ABE55B794 /* main.swift in Sources */,
			);
			runOnlyForDeploymentPostprocessing = 0;
		};
/* End PBXSourcesBuildPhase section */

/* Begin XCBuildConfiguration section */
		7502324659C6E0DC8FDB50CA /* Debug */ = {
			isa = XCBuildConfiguration;
			buildSettings = {
				ASSETCATALOG_COMPILER_APPICON_NAME = AppIcon;
				CODE_SIGN_ENTITLEMENTS = Resources/Dashboard.entitlements;
				COMBINE_HIDPI_IMAGES = YES;
				INFOPLIST_FILE = Resources/Info.plist;
				LD_RUNPATH_SEARCH_PATHS = (
					"$(inherited)",
					"@executable_path/../Frameworks",
				);
				PRODUCT_BUNDLE_IDENTIFIER = com.saikambampati.dashboard2026;
				PRODUCT_NAME = "Dashboard 2026";
				SDKROOT = macosx;
				SWIFT_OBJC_BRIDGING_HEADER = "Sources/Dashboard-Bridging-Header.h";
			};
			name = Debug;
		};
		84C72095072F720ADD93E5F4 /* Release */ = {
			isa = XCBuildConfiguration;
			buildSettings = {
				ASSETCATALOG_COMPILER_APPICON_NAME = AppIcon;
				CODE_SIGN_ENTITLEMENTS = Resources/Dashboard.entitlements;
				COMBINE_HIDPI_IMAGES = YES;
				INFOPLIST_FILE = Resources/Info.plist;
				LD_RUNPATH_SEARCH_PATHS = (
					"$(inherited)",
					"@executable_path/../Frameworks",
				);
				PRODUCT_BUNDLE_IDENTIFIER = com.saikambampati.dashboard2026;
				PRODUCT_NAME = "Dashboard 2026";
				SDKROOT = macosx;
				SWIFT_OBJC_BRIDGING_HEADER = "Sources/Dashboard-Bridging-Header.h";
			};
			name = Release;
		};
		BD029F658935D8AF2B75649F /* Release */ = {
			isa = XCBuildConfiguration;
			buildSettings = {
				ALWAYS_SEARCH_USER_PATHS = NO;
				CLANG_ANALYZER_NONNULL = YES;
				CLANG_ANALYZER_NUMBER_OBJECT_CONVERSION = YES_AGGRESSIVE;
				CLANG_CXX_LANGUAGE_STANDARD = "gnu++14";
				CLANG_CXX_LIBRARY = "libc++";
				CLANG_ENABLE_MODULES = YES;
				CLANG_ENABLE_OBJC_ARC = YES;
				CLANG_ENABLE_OBJC_WEAK = YES;
				CLANG_WARN_BLOCK_CAPTURE_AUTORELEASING = YES;
				CLANG_WARN_BOOL_CONVERSION = YES;
				CLANG_WARN_COMMA = YES;
				CLANG_WARN_CONSTANT_CONVERSION = YES;
				CLANG_WARN_DEPRECATED_OBJC_IMPLEMENTATIONS = YES;
				CLANG_WARN_DIRECT_OBJC_ISA_USAGE = YES_ERROR;
				CLANG_WARN_DOCUMENTATION_COMMENTS = YES;
				CLANG_WARN_EMPTY_BODY = YES;
				CLANG_WARN_ENUM_CONVERSION = YES;
				CLANG_WARN_INFINITE_RECURSION = YES;
				CLANG_WARN_INT_CONVERSION = YES;
				CLANG_WARN_NON_LITERAL_NULL_CONVERSION = YES;
				CLANG_WARN_OBJC_IMPLICIT_RETAIN_SELF = YES;
				CLANG_WARN_OBJC_LITERAL_CONVERSION = YES;
				CLANG_WARN_OBJC_ROOT_CLASS = YES_ERROR;
				CLANG_WARN_QUOTED_INCLUDE_IN_FRAMEWORK_HEADER = YES;
				CLANG_WARN_RANGE_LOOP_ANALYSIS = YES;
				CLANG_WARN_STRICT_PROTOTYPES = YES;
				CLANG_WARN_SUSPICIOUS_MOVE = YES;
				CLANG_WARN_UNGUARDED_AVAILABILITY = YES_AGGRESSIVE;
				CLANG_WARN_UNREACHABLE_CODE = YES;
				CLANG_WARN__DUPLICATE_METHOD_MATCH = YES;
				CODE_SIGN_IDENTITY = "-";
				CODE_SIGN_STYLE = Manual;
				COPY_PHASE_STRIP = NO;
				DEBUG_INFORMATION_FORMAT = "dwarf-with-dsym";
				ENABLE_APP_SANDBOX = NO;
				ENABLE_HARDENED_RUNTIME = YES;
				ENABLE_NS_ASSERTIONS = NO;
				ENABLE_STRICT_OBJC_MSGSEND = YES;
				GCC_C_LANGUAGE_STANDARD = gnu11;
				GCC_NO_COMMON_BLOCKS = YES;
				GCC_WARN_64_TO_32_BIT_CONVERSION = YES;
				GCC_WARN_ABOUT_RETURN_TYPE = YES_ERROR;
				GCC_WARN_UNDECLARED_SELECTOR = YES;
				GCC_WARN_UNINITIALIZED_AUTOS = YES_AGGRESSIVE;
				GCC_WARN_UNUSED_FUNCTION = YES;
				GCC_WARN_UNUSED_VARIABLE = YES;
				GENERATE_INFOPLIST_FILE = NO;
				MACOSX_DEPLOYMENT_TARGET = 14.0;
				MTL_ENABLE_DEBUG_INFO = NO;
				MTL_FAST_MATH = YES;
				PRODUCT_NAME = "$(TARGET_NAME)";
				SDKROOT = macosx;
				SWIFT_COMPILATION_MODE = wholemodule;
				SWIFT_OPTIMIZATION_LEVEL = "-O";
				SWIFT_VERSION = 5.0;
			};
			name = Release;
		};
		FB9BC0F9505C7890C41FD2B8 /* Debug */ = {
			isa = XCBuildConfiguration;
			buildSettings = {
				ALWAYS_SEARCH_USER_PATHS = NO;
				CLANG_ANALYZER_NONNULL = YES;
				CLANG_ANALYZER_NUMBER_OBJECT_CONVERSION = YES_AGGRESSIVE;
				CLANG_CXX_LANGUAGE_STANDARD = "gnu++14";
				CLANG_CXX_LIBRARY = "libc++";
				CLANG_ENABLE_MODULES = YES;
				CLANG_ENABLE_OBJC_ARC = YES;
				CLANG_ENABLE_OBJC_WEAK = YES;
				CLANG_WARN_BLOCK_CAPTURE_AUTORELEASING = YES;
				CLANG_WARN_BOOL_CONVERSION = YES;
				CLANG_WARN_COMMA = YES;
				CLANG_WARN_CONSTANT_CONVERSION = YES;
				CLANG_WARN_DEPRECATED_OBJC_IMPLEMENTATIONS = YES;
				CLANG_WARN_DIRECT_OBJC_ISA_USAGE = YES_ERROR;
				CLANG_WARN_DOCUMENTATION_COMMENTS = YES;
				CLANG_WARN_EMPTY_BODY = YES;
				CLANG_WARN_ENUM_CONVERSION = YES;
				CLANG_WARN_INFINITE_RECURSION = YES;
				CLANG_WARN_INT_CONVERSION = YES;
				CLANG_WARN_NON_LITERAL_NULL_CONVERSION = YES;
				CLANG_WARN_OBJC_IMPLICIT_RETAIN_SELF = YES;
				CLANG_WARN_OBJC_LITERAL_CONVERSION = YES;
				CLANG_WARN_OBJC_ROOT_CLASS = YES_ERROR;
				CLANG_WARN_QUOTED_INCLUDE_IN_FRAMEWORK_HEADER = YES;
				CLANG_WARN_RANGE_LOOP_ANALYSIS = YES;
				CLANG_WARN_STRICT_PROTOTYPES = YES;
				CLANG_WARN_SUSPICIOUS_MOVE = YES;
				CLANG_WARN_UNGUARDED_AVAILABILITY = YES_AGGRESSIVE;
				CLANG_WARN_UNREACHABLE_CODE = YES;
				CLANG_WARN__DUPLICATE_METHOD_MATCH = YES;
				CODE_SIGN_IDENTITY = "-";
				CODE_SIGN_STYLE = Manual;
				COPY_PHASE_STRIP = NO;
				DEBUG_INFORMATION_FORMAT = dwarf;
				ENABLE_APP_SANDBOX = NO;
				ENABLE_HARDENED_RUNTIME = YES;
				ENABLE_STRICT_OBJC_MSGSEND = YES;
				ENABLE_TESTABILITY = YES;
				GCC_C_LANGUAGE_STANDARD = gnu11;
				GCC_DYNAMIC_NO_PIC = NO;
				GCC_NO_COMMON_BLOCKS = YES;
				GCC_OPTIMIZATION_LEVEL = 0;
				GCC_PREPROCESSOR_DEFINITIONS = (
					"$(inherited)",
					"DEBUG=1",
				);
				GCC_WARN_64_TO_32_BIT_CONVERSION = YES;
				GCC_WARN_ABOUT_RETURN_TYPE = YES_ERROR;
				GCC_WARN_UNDECLARED_SELECTOR = YES;
				GCC_WARN_UNINITIALIZED_AUTOS = YES_AGGRESSIVE;
				GCC_WARN_UNUSED_FUNCTION = YES;
				GCC_WARN_UNUSED_VARIABLE = YES;
				GENERATE_INFOPLIST_FILE = NO;
				MACOSX_DEPLOYMENT_TARGET = 14.0;
				MTL_ENABLE_DEBUG_INFO = INCLUDE_SOURCE;
				MTL_FAST_MATH = YES;
				ONLY_ACTIVE_ARCH = YES;
				PRODUCT_NAME = "$(TARGET_NAME)";
				SDKROOT = macosx;
				SWIFT_ACTIVE_COMPILATION_CONDITIONS = DEBUG;
				SWIFT_OPTIMIZATION_LEVEL = "-Onone";
				SWIFT_VERSION = 5.0;
			};
			name = Debug;
		};
/* End XCBuildConfiguration section */

/* Begin XCConfigurationList section */
		24345551400EB89BEC8A401F /* Build configuration list for PBXProject "Dashboard 2026" */ = {
			isa = XCConfigurationList;
			buildConfigurations = (
				FB9BC0F9505C7890C41FD2B8 /* Debug */,
				BD029F658935D8AF2B75649F /* Release */,
			);
			defaultConfigurationIsVisible = 0;
			defaultConfigurationName = Debug;
		};
		927416597CAF97F5797EC9D9 /* Build configuration list for PBXNativeTarget "Dashboard 2026" */ = {
			isa = XCConfigurationList;
			buildConfigurations = (
				7502324659C6E0DC8FDB50CA /* Debug */,
				84C72095072F720ADD93E5F4 /* Release */,
			);
			defaultConfigurationIsVisible = 0;
			defaultConfigurationName = Debug;
		};
/* End XCConfigurationList section */
	};
	rootObject = AA36BEB8E7481E771D0DBBA3 /* Project object */;
}
